// !$*UTF8*$!
{
	archiveVersion = 1;
	classes = {
	};
	objectVersion = 48;
	objects = {

/* Begin PBXBuildFile section */
		5ADE5D2F2049BF7D004010E0 /* p3sanity.cpp in Sources */ = {isa = PBXBuildFile; fileRef = 5ADE5D2E2049BF7D004010E0 /* p3sanity.cpp */; };
		5ADE5D372049BFB4004010E0 /* StudentWorld.cpp in Sources */ = {isa = PBXBuildFile; fileRef = 5ADE5D352049BFB4004010E0 /* StudentWorld.cpp */; };
		5ADE5D3A2049BFBE004010E0 /* Actor.cpp in Sources */ = {isa = PBXBuildFile; fileRef = 5ADE5D382049BFBE004010E0 /* Actor.cpp */; };
/* End PBXBuildFile section */

/* Begin PBXCopyFilesBuildPhase section */
		5ADE5D292049BF7D004010E0 /* CopyFiles */ = {
			isa = PBXCopyFilesBuildPhase;
			buildActionMask = 2147483647;
			dstPath = /usr/share/man/man1/;
			dstSubfolderSpec = 0;
			files = (
			);
			runOnlyForDeploymentPostprocessing = 1;
		};
/* End PBXCopyFilesBuildPhase section */

/* Begin PBXFileReference section */
		5ADE5D2B2049BF7D004010E0 /* P3SanityCheck2 */ = {isa = PBXFileReference; explicitFileType = "compiled.mach-o.executable"; includeInIndex = 0; path = P3SanityCheck2; sourceTree = BUILT_PRODUCTS_DIR; };
		5ADE5D2E2049BF7D004010E0 /* p3sanity.cpp */ = {isa = PBXFileReference; lastKnownFileType = sourcecode.cpp.cpp; path = p3sanity.cpp; sourceTree = "<group>"; };
		5ADE5D352049BFB4004010E0 /* StudentWorld.cpp */ = {isa = PBXFileReference; lastKnownFileType = sourcecode.cpp.cpp; path = StudentWorld.cpp; sourceTree = "<group>"; };
		5ADE5D362049BFB4004010E0 /* StudentWorld.h */ = {isa = PBXFileReference; lastKnownFileType = sourcecode.c.h; path = StudentWorld.h; sourceTree = "<group>"; };
		5ADE5D382049BFBE004010E0 /* Actor.cpp */ = {isa = PBXFileReference; lastKnownFileType = sourcecode.cpp.cpp; path = Actor.cpp; sourceTree = "<group>"; };
		5ADE5D392049BFBE004010E0 /* Actor.h */ = {isa = PBXFileReference; lastKnownFileType = sourcecode.c.h; path = Actor.h; sourceTree = "<group>"; };
		5ADE5D3B2049BFD4004010E0 /* GameWorld.h */ = {isa = PBXFileReference; lastKnownFileType = sourcecode.c.h; path = GameWorld.h; sourceTree = "<group>"; };
		5ADE5D3C2049BFE0004010E0 /* GraphObject.h */ = {isa = PBXFileReference; lastKnownFileType = sourcecode.c.h; path = GraphObject.h; sourceTree = "<group>"; };
		5ADE5D3D2049BFEB004010E0 /* GameConstants.h */ = {isa = PBXFileReference; lastKnownFileType = sourcecode.c.h; path = GameConstants.h; sourceTree = "<group>"; };
/* End PBXFileReference section */

/* Begin PBXFrameworksBuildPhase section */
		5ADE5D282049BF7D004010E0 /* Frameworks */ = {
			isa = PBXFrameworksBuildPhase;
			buildActionMask = 2147483647;
			files = (
			);
			runOnlyForDeploymentPostprocessing = 0;
		};
/* End PBXFrameworksBuildPhase section */

/* Begin PBXGroup section */
		5ADE5D222049BF7D004010E0 = {
			isa = PBXGroup;
			children = (
				5ADE5D2D2049BF7D004010E0 /* P3SanityCheck2 */,
				5ADE5D2C2049BF7D004010E0 /* Products */,
			);
			sourceTree = "<group>";
		};
		5ADE5D2C2049BF7D004010E0 /* Products */ = {
			isa = PBXGroup;
			children = (
				5ADE5D2B2049BF7D004010E0 /* P3SanityCheck2 */,
			);
			name = Products;
			sourceTree = "<group>";
		};
		5ADE5D2D2049BF7D004010E0 /* P3SanityCheck2 */ = {
			isa = PBXGroup;
			children = (
				5ADE5D2E2049BF7D004010E0 /* p3sanity.cpp */,
				5ADE5D352049BFB4004010E0 /* StudentWorld.cpp */,
				5ADE5D362049BFB4004010E0 /* StudentWorld.h */,
				5ADE5D382049BFBE004010E0 /* Actor.cpp */,
				5ADE5D392049BFBE004010E0 /* Actor.h */,
				5ADE5D3B2049BFD4004010E0 /* GameWorld.h */,
				5ADE5D3C2049BFE0004010E0 /* GraphObject.h */,
				5ADE5D3D2049BFEB004010E0 /* GameConstants.h */,
			);
			path = P3SanityCheck2;
			sourceTree = "<group>";
		};
/* End PBXGroup section */

/* Begin PBXNativeTarget section */
		5ADE5D2A2049BF7D004010E0 /* P3SanityCheck2 */ = {
			isa = PBXNativeTarget;
			buildConfigurationList = 5ADE5D322049BF7D004010E0 /* Build configuration list for PBXNativeTarget "P3SanityCheck2" */;
			buildPhases = (
				5ADE5D272049BF7D004010E0 /* Sources */,
				5ADE5D282049BF7D004010E0 /* Frameworks */,
				5ADE5D292049BF7D004010E0 /* CopyFiles */,
			);
			buildRules = (
			);
			dependencies = (
			);
			name = P3SanityCheck2;
			productName = P3SanityCheck2;
			productReference = 5ADE5D2B2049BF7D004010E0 /* P3SanityCheck2 */;
			productType = "com.apple.product-type.tool";
		};
/* End PBXNativeTarget section */

/* Begin PBXProject section */
		5ADE5D232049BF7D004010E0 /* Project object */ = {
			isa = PBXProject;
			attributes = {
				LastUpgradeCheck = 0920;
				ORGANIZATIONNAME = "Jie-Yun Cheng";
				TargetAttributes = {
					5ADE5D2A2049BF7D004010E0 = {
						CreatedOnToolsVersion = 9.2;
						ProvisioningStyle = Automatic;
					};
				};
			};
			buildConfigurationList = 5ADE5D262049BF7D004010E0 /* Build configuration list for PBXProject "P3SanityCheck2" */;
			compatibilityVersion = "Xcode 8.0";
			developmentRegion = en;
			hasScannedForEncodings = 0;
			knownRegions = (
				en,
			);
			mainGroup = 5ADE5D222049BF7D004010E0;
			productRefGroup = 5ADE5D2C2049BF7D004010E0 /* Products */;
			projectDirPath = "";
			projectRoot = "";
			targets = (
				5ADE5D2A2049BF7D004010E0 /* P3SanityCheck2 */,
			);
		};
/* End PBXProject section */

/* Begin PBXSourcesBuildPhase section */
		5ADE5D272049BF7D004010E0 /* Sources */ = {
			isa = PBXSourcesBuildPhase;
			buildActionMask = 2147483647;
			files = (
				5ADE5D3A2049BFBE004010E0 /* Actor.cpp in Sources */,
				5ADE5D372049BFB4004010E0 /* StudentWorld.cpp in Sources */,
				5ADE5D2F2049BF7D004010E0 /* p3sanity.cpp in Sources */,
			);
			runOnlyForDeploymentPostprocessing = 0;
		};
/* End PBXSourcesBuildPhase section */

/* Begin XCBuildConfiguration section */
		5ADE5D302049BF7D004010E0 /* Debug */ = {
			isa = XCBuildConfiguration;
			buildSettings = {
				ALWAYS_SEARCH_USER_PATHS = NO;
				CLANG_ANALYZER_NONNULL = YES;
				CLANG_ANALYZER_NUMBER_OBJECT_CONVERSION = YES_AGGRESSIVE;
				CLANG_CXX_LANGUAGE_STANDARD = "gnu++14";
				CLANG_CXX_LIBRARY = "libc++";
				CLANG_ENABLE_MODULES = YES;
				CLANG_ENABLE_OBJC_ARC = YES;
				CLANG_WARN_BLOCK_CAPTURE_AUTORELEASING = YES;
				CLANG_WARN_BOOL_CONVERSION = YES;
				CLANG_WARN_COMMA = YES;
				CLANG_WARN_CONSTANT_CONVERSION = YES;
				CLANG_WARN_DIRECT_OBJC_ISA_USAGE = YES_ERROR;
				CLANG_WARN_DOCUMENTATION_COMMENTS = YES;
				CLANG_WARN_EMPTY_BODY = YES;
				CLANG_WARN_ENUM_CONVERSION = YES;
				CLANG_WARN_INFINITE_RECURSION = YES;
				CLANG_WARN_INT_CONVERSION = YES;
				CLANG_WARN_NON_LITERAL_NULL_CONVERSION = YES;
				CLANG_WARN_OBJC_LITERAL_CONVERSION = YES;
				CLANG_WARN_OBJC_ROOT_CLASS = YES_ERROR;
				CLANG_WARN_RANGE_LOOP_ANALYSIS = YES;
				CLANG_WARN_STRICT_PROTOTYPES = YES;
				CLANG_WARN_SUSPICIOUS_MOVE = YES;
				CLANG_WARN_UNGUARDED_AVAILABILITY = YES_AGGRESSIVE;
				CLANG_WARN_UNREACHABLE_CODE = YES;
				CLANG_WARN__DUPLICATE_METHOD_MATCH = YES;
				CODE_SIGN_IDENTITY = "-";
				COPY_PHASE_STRIP = NO;
				DEBUG_INFORMATION_FORMAT = dwarf;
				ENABLE_STRICT_OBJC_MSGSEND = YES;
				ENABLE_TESTABILITY = YES;
				GCC_C_LANGUAGE_STANDARD = gnu11;
				GCC_DYNAMIC_NO_PIC = NO;
				GCC_NO_COMMON_BLOCKS = YES;
				GCC_OPTIMIZATION_LEVEL = 0;
				GCC_PREPROCESSOR_DEFINITIONS = (
					"DEBUG=1",
					"$(inherited)",
				);
				GCC_WARN_64_TO_32_BIT_CONVERSION = YES;
				GCC_WARN_ABOUT_RETURN_TYPE = YES_ERROR;
				GCC_WARN_UNDECLARED_SELECTOR = YES;
				GCC_WARN_UNINITIALIZED_AUTOS = YES_AGGRESSIVE;
				GCC_WARN_UNUSED_FUNCTION = YES;
				GCC_WARN_UNUSED_VARIABLE = YES;
				MACOSX_DEPLOYMENT_TARGET = 10.12;
				MTL_ENABLE_DEBUG_INFO = YES;
				ONLY_ACTIVE_ARCH = YES;
				SDKROOT = macosx;
			};
			name = Debug;
		};
		5ADE5D312049BF7D004010E0 /* Release */ = {
			isa = XCBuildConfiguration;
			buildSettings = {
				ALWAYS_SEARCH_USER_PATHS = NO;
				CLANG_ANALYZER_NONNULL = YES;
				CLANG_ANALYZER_NUMBER_OBJECT_CONVERSION = YES_AGGRESSIVE;
				CLANG_CXX_LANGUAGE_STANDARD = "gnu++14";
				CLANG_CXX_LIBRARY = "libc++";
				CLANG_ENABLE_MODULES = YES;
				CLANG_ENABLE_OBJC_ARC = YES;
				CLANG_WARN_BLOCK_CAPTURE_AUTORELEASING = YES;
				CLANG_WARN_BOOL_CONVERSION = YES;
				CLANG_WARN_COMMA = YES;
				CLANG_WARN_CONSTANT_CONVERSION = YES;
				CLANG_WARN_DIRECT_OBJC_ISA_USAGE = YES_ERROR;
				CLANG_WARN_DOCUMENTATION_COMMENTS = YES;
				CLANG_WARN_EMPTY_BODY = YES;
				CLANG_WARN_ENUM_CONVERSION = YES;
				CLANG_WARN_INFINITE_RECURSION = YES;
				CLANG_WARN_INT_CONVERSION = YES;
				CLANG_WARN_NON_LITERAL_NULL_CONVERSION = YES;
				CLANG_WARN_OBJC_LITERAL_CONVERSION = YES;
				CLANG_WARN_OBJC_ROOT_CLASS = YES_ERROR;
				CLANG_WARN_RANGE_LOOP_ANALYSIS = YES;
				CLANG_WARN_STRICT_PROTOTYPES = YES;
				CLANG_WARN_SUSPICIOUS_MOVE = YES;
				CLANG_WARN_UNGUARDED_AVAILABILITY = YES_AGGRESSIVE;
				CLANG_WARN_UNREACHABLE_CODE = YES;
				CLANG_WARN__DUPLICATE_METHOD_MATCH = YES;
				CODE_SIGN_IDENTITY = "-";
				COPY_PHASE_STRIP = NO;
				DEBUG_INFORMATION_FORMAT = "dwarf-with-dsym";
				ENABLE_NS_ASSERTIONS = NO;
				ENABLE_STRICT_OBJC_MSGSEND = YES;
				GCC_C_LANGUAGE_STANDARD = gnu11;
				GCC_NO_COMMON_BLOCKS = YES;
				GCC_WARN_64_TO_32_BIT_CONVERSION = YES;
				GCC_WARN_ABOUT_RETURN_TYPE = YES_ERROR;
				GCC_WARN_UNDECLARED_SELECTOR = YES;
				GCC_WARN_UNINITIALIZED_AUTOS = YES_AGGRESSIVE;
				GCC_WARN_UNUSED_FUNCTION = YES;
				GCC_WARN_UNUSED_VARIABLE = YES;
				MACOSX_DEPLOYMENT_TARGET = 10.12;
				MTL_ENABLE_DEBUG_INFO = NO;
				SDKROOT = macosx;
			};
			name = Release;
		};
		5ADE5D332049BF7D004010E0 /* Debug */ = {
			isa = XCBuildConfiguration;
			buildSettings = {
				CODE_SIGN_STYLE = Automatic;
				PRODUCT_NAME = "$(TARGET_NAME)";
			};
			name = Debug;
		};
		5ADE5D342049BF7D004010E0 /* Release */ = {
			isa = XCBuildConfiguration;
			buildSettings = {
				CODE_SIGN_STYLE = Automatic;
				PRODUCT_NAME = "$(TARGET_NAME)";
			};
			name = Release;
		};
/* End XCBuildConfiguration section */

/* Begin XCConfigurationList section */
		5ADE5D262049BF7D004010E0 /* Build configuration list for PBXProject "P3SanityCheck2" */ = {
			isa = XCConfigurationList;
			buildConfigurations = (
				5ADE5D302049BF7D004010E0 /* Debug */,
				5ADE5D312049BF7D004010E0 /* Release */,
			);
			defaultConfigurationIsVisible = 0;
			defaultConfigurationName = Release;
		};
		5ADE5D322049BF7D004010E0 /* Build configuration list for PBXNativeTarget "P3SanityCheck2" */ = {
			isa = XCConfigurationList;
			buildConfigurations = (
				5ADE5D332049BF7D004010E0 /* Debug */,
				5ADE5D342049BF7D004010E0 /* Release */,
			);
			defaultConfigurationIsVisible = 0;
			defaultConfigurationName = Release;
		};
/* End XCConfigurationList section */
	};
	rootObject = 5ADE5D232049BF7D004010E0 /* Project object */;
}
