// !$*UTF8*$!
{
	archiveVersion = 1;
	classes = {
	};
	objectVersion = 48;
	objects = {

/* Begin PBXBuildFile section */
		5A32FAA1203F8AEF005F620A /* p3sanity.cpp in Sources */ = {isa = PBXBuildFile; fileRef = 5A32FAA0203F8AEF005F620A /* p3sanity.cpp */; };
		5A32FAA9203F8B64005F620A /* Actor.cpp in Sources */ = {isa = PBXBuildFile; fileRef = 5A32FAA7203F8B64005F620A /* Actor.cpp */; };
		5A32FAB9203F8C65005F620A /* StudentWorld.cpp in Sources */ = {isa = PBXBuildFile; fileRef = 5A32FAB7203F8C65005F620A /* StudentWorld.cpp */; };
/* End PBXBuildFile section */

/* Begin PBXCopyFilesBuildPhase section */
		5A32FA9B203F8AEF005F620A /* CopyFiles */ = {
			isa = PBXCopyFilesBuildPhase;
			buildActionMask = 2147483647;
			dstPath = /usr/share/man/man1/;
			dstSubfolderSpec = 0;
			files = (
			);
			runOnlyForDeploymentPostprocessing = 1;
		};
/* End PBXCopyFilesBuildPhase section */

/* Begin PBXFileReference section */
		5A32FA9D203F8AEF005F620A /* P3sanityCheck */ = {isa = PBXFileReference; explicitFileType = "compiled.mach-o.executable"; includeInIndex = 0; path = P3sanityCheck; sourceTree = BUILT_PRODUCTS_DIR; };
		5A32FAA0203F8AEF005F620A /* p3sanity.cpp */ = {isa = PBXFileReference; lastKnownFileType = sourcecode.cpp.cpp; path = p3sanity.cpp; sourceTree = "<group>"; };
		5A32FAA7203F8B64005F620A /* Actor.cpp */ = {isa = PBXFileReference; lastKnownFileType = sourcecode.cpp.cpp; path = Actor.cpp; sourceTree = "<group>"; };
		5A32FAA8203F8B64005F620A /* Actor.h */ = {isa = PBXFileReference; lastKnownFileType = sourcecode.c.h; path = Actor.h; sourceTree = "<group>"; };
		5A32FAAE203F8BC6005F620A /* GameConstants.h */ = {isa = PBXFileReference; lastKnownFileType = sourcecode.c.h; path = GameConstants.h; sourceTree = "<group>"; };
		5A32FAB1203F8BF2005F620A /* GameWorld.h */ = {isa = PBXFileReference; lastKnownFileType = sourcecode.c.h; path = GameWorld.h; sourceTree = "<group>"; };
		5A32FAB4203F8BFE005F620A /* GraphObject.h */ = {isa = PBXFileReference; lastKnownFileType = sourcecode.c.h; path = GraphObject.h; sourceTree = "<group>"; };
		5A32FAB7203F8C65005F620A /* StudentWorld.cpp */ = {isa = PBXFileReference; lastKnownFileType = sourcecode.cpp.cpp; path = StudentWorld.cpp; sourceTree = "<group>"; };
		5A32FAB8203F8C65005F620A /* StudentWorld.h */ = {isa = PBXFileReference; lastKnownFileType = sourcecode.c.h; path = StudentWorld.h; sourceTree = "<group>"; };
/* End PBXFileReference section */

/* Begin PBXFrameworksBuildPhase section */
		5A32FA9A203F8AEF005F620A /* Frameworks */ = {
			isa = PBXFrameworksBuildPhase;
			buildActionMask = 2147483647;
			files = (
			);
			runOnlyForDeploymentPostprocessing = 0;
		};
/* End PBXFrameworksBuildPhase section */

/* Begin PBXGroup section */
		5A32FA94203F8AEE005F620A = {
			isa = PBXGroup;
			children = (
				5A32FA9F203F8AEF005F620A /* P3sanityCheck */,
				5A32FA9E203F8AEF005F620A /* Products */,
			);
			sourceTree = "<group>";
		};
		5A32FA9E203F8AEF005F620A /* Products */ = {
			isa = PBXGroup;
			children = (
				5A32FA9D203F8AEF005F620A /* P3sanityCheck */,
			);
			name = Products;
			sourceTree = "<group>";
		};
		5A32FA9F203F8AEF005F620A /* P3sanityCheck */ = {
			isa = PBXGroup;
			children = (
				5A32FAA0203F8AEF005F620A /* p3sanity.cpp */,
				5A32FAA7203F8B64005F620A /* Actor.cpp */,
				5A32FAA8203F8B64005F620A /* Actor.h */,
				5A32FAAE203F8BC6005F620A /* GameConstants.h */,
				5A32FAB1203F8BF2005F620A /* GameWorld.h */,
				5A32FAB4203F8BFE005F620A /* GraphObject.h */,
				5A32FAB7203F8C65005F620A /* StudentWorld.cpp */,
				5A32FAB8203F8C65005F620A /* StudentWorld.h */,
			);
			path = P3sanityCheck;
			sourceTree = "<group>";
		};
/* End PBXGroup section */

/* Begin PBXNativeTarget section */
		5A32FA9C203F8AEF005F620A /* P3sanityCheck */ = {
			isa = PBXNativeTarget;
			buildConfigurationList = 5A32FAA4203F8AEF005F620A /* Build configuration list for PBXNativeTarget "P3sanityCheck" */;
			buildPhases = (
				5A32FA99203F8AEF005F620A /* Sources */,
				5A32FA9A203F8AEF005F620A /* Frameworks */,
				5A32FA9B203F8AEF005F620A /* CopyFiles */,
			);
			buildRules = (
			);
			dependencies = (
			);
			name = P3sanityCheck;
			productName = P3sanityCheck;
			productReference = 5A32FA9D203F8AEF005F620A /* P3sanityCheck */;
			productType = "com.apple.product-type.tool";
		};
/* End PBXNativeTarget section */

/* Begin PBXProject section */
		5A32FA95203F8AEE005F620A /* Project object */ = {
			isa = PBXProject;
			attributes = {
				LastUpgradeCheck = 0920;
				ORGANIZATIONNAME = "Jie-Yun Cheng";
				TargetAttributes = {
					5A32FA9C203F8AEF005F620A = {
						CreatedOnToolsVersion = 9.2;
						ProvisioningStyle = Automatic;
					};
				};
			};
			buildConfigurationList = 5A32FA98203F8AEE005F620A /* Build configuration list for PBXProject "P3sanityCheck" */;
			compatibilityVersion = "Xcode 8.0";
			developmentRegion = en;
			hasScannedForEncodings = 0;
			knownRegions = (
				en,
			);
			mainGroup = 5A32FA94203F8AEE005F620A;
			productRefGroup = 5A32FA9E203F8AEF005F620A /* Products */;
			projectDirPath = "";
			projectRoot = "";
			targets = (
				5A32FA9C203F8AEF005F620A /* P3sanityCheck */,
			);
		};
/* End PBXProject section */

/* Begin PBXSourcesBuildPhase section */
		5A32FA99203F8AEF005F620A /* Sources */ = {
			isa = PBXSourcesBuildPhase;
			buildActionMask = 2147483647;
			files = (
				5A32FAB9203F8C65005F620A /* StudentWorld.cpp in Sources */,
				5A32FAA1203F8AEF005F620A /* p3sanity.cpp in Sources */,
				5A32FAA9203F8B64005F620A /* Actor.cpp in Sources */,
			);
			runOnlyForDeploymentPostprocessing = 0;
		};
/* End PBXSourcesBuildPhase section */

/* Begin XCBuildConfiguration section */
		5A32FAA2203F8AEF005F620A /* Debug */ = {
			isa = XCBuildConfiguration;
			buildSettings = {
				ALWAYS_SEARCH_USER_PATHS = NO;
				CLANG_ANALYZER_NONNULL = YES;
				CLANG_ANALYZER_NUMBER_OBJECT_CONVERSION = YES_AGGRESSIVE;
				CLANG_CXX_LANGUAGE_STANDARD = "gnu++14";
				CLANG_CXX_LIBRARY = "libc++";
				CLANG_ENABLE_MODULES = YES;
				CLANG_ENABLE_OBJC_ARC = YES;
				CLANG_WARN_BLOCK_CAPTURE_AUTORELEASING = YES;
				CLANG_WARN_BOOL_CONVERSION = YES;
				CLANG_WARN_COMMA = YES;
				CLANG_WARN_CONSTANT_CONVERSION = YES;
				CLANG_WARN_DIRECT_OBJC_ISA_USAGE = YES_ERROR;
				CLANG_WARN_DOCUMENTATION_COMMENTS = YES;
				CLANG_WARN_EMPTY_BODY = YES;
				CLANG_WARN_ENUM_CONVERSION = YES;
				CLANG_WARN_INFINITE_RECURSION = YES;
				CLANG_WARN_INT_CONVERSION = YES;
				CLANG_WARN_NON_LITERAL_NULL_CONVERSION = YES;
				CLANG_WARN_OBJC_LITERAL_CONVERSION = YES;
				CLANG_WARN_OBJC_ROOT_CLASS = YES_ERROR;
				CLANG_WARN_RANGE_LOOP_ANALYSIS = YES;
				CLANG_WARN_STRICT_PROTOTYPES = YES;
				CLANG_WARN_SUSPICIOUS_MOVE = YES;
				CLANG_WARN_UNGUARDED_AVAILABILITY = YES_AGGRESSIVE;
				CLANG_WARN_UNREACHABLE_CODE = YES;
				CLANG_WARN__DUPLICATE_METHOD_MATCH = YES;
				CODE_SIGN_IDENTITY = "-";
				COPY_PHASE_STRIP = NO;
				DEBUG_INFORMATION_FORMAT = dwarf;
				ENABLE_STRICT_OBJC_MSGSEND = YES;
				ENABLE_TESTABILITY = YES;
				GCC_C_LANGUAGE_STANDARD = gnu11;
				GCC_DYNAMIC_NO_PIC = NO;
				GCC_NO_COMMON_BLOCKS = YES;
				GCC_OPTIMIZATION_LEVEL = 0;
				GCC_PREPROCESSOR_DEFINITIONS = (
					"DEBUG=1",
					"$(inherited)",
				);
				GCC_WARN_64_TO_32_BIT_CONVERSION = YES;
				GCC_WARN_ABOUT_RETURN_TYPE = YES_ERROR;
				GCC_WARN_UNDECLARED_SELECTOR = YES;
				GCC_WARN_UNINITIALIZED_AUTOS = YES_AGGRESSIVE;
				GCC_WARN_UNUSED_FUNCTION = YES;
				GCC_WARN_UNUSED_VARIABLE = YES;
				MACOSX_DEPLOYMENT_TARGET = 10.12;
				MTL_ENABLE_DEBUG_INFO = YES;
				ONLY_ACTIVE_ARCH = YES;
				SDKROOT = macosx;
			};
			name = Debug;
		};
		5A32FAA3203F8AEF005F620A /* Release */ = {
			isa = XCBuildConfiguration;
			buildSettings = {
				ALWAYS_SEARCH_USER_PATHS = NO;
				CLANG_ANALYZER_NONNULL = YES;
				CLANG_ANALYZER_NUMBER_OBJECT_CONVERSION = YES_AGGRESSIVE;
				CLANG_CXX_LANGUAGE_STANDARD = "gnu++14";
				CLANG_CXX_LIBRARY = "libc++";
				CLANG_ENABLE_MODULES = YES;
				CLANG_ENABLE_OBJC_ARC = YES;
				CLANG_WARN_BLOCK_CAPTURE_AUTORELEASING = YES;
				CLANG_WARN_BOOL_CONVERSION = YES;
				CLANG_WARN_COMMA = YES;
				CLANG_WARN_CONSTANT_CONVERSION = YES;
				CLANG_WARN_DIRECT_OBJC_ISA_USAGE = YES_ERROR;
				CLANG_WARN_DOCUMENTATION_COMMENTS = YES;
				CLANG_WARN_EMPTY_BODY = YES;
				CLANG_WARN_ENUM_CONVERSION = YES;
				CLANG_WARN_INFINITE_RECURSION = YES;
				CLANG_WARN_INT_CONVERSION = YES;
				CLANG_WARN_NON_LITERAL_NULL_CONVERSION = YES;
				CLANG_WARN_OBJC_LITERAL_CONVERSION = YES;
				CLANG_WARN_OBJC_ROOT_CLASS = YES_ERROR;
				CLANG_WARN_RANGE_LOOP_ANALYSIS = YES;
				CLANG_WARN_STRICT_PROTOTYPES = YES;
				CLANG_WARN_SUSPICIOUS_MOVE = YES;
				CLANG_WARN_UNGUARDED_AVAILABILITY = YES_AGGRESSIVE;
				CLANG_WARN_UNREACHABLE_CODE = YES;
				CLANG_WARN__DUPLICATE_METHOD_MATCH = YES;
				CODE_SIGN_IDENTITY = "-";
				COPY_PHASE_STRIP = NO;
				DEBUG_INFORMATION_FORMAT = "dwarf-with-dsym";
				ENABLE_NS_ASSERTIONS = NO;
				ENABLE_STRICT_OBJC_MSGSEND = YES;
				GCC_C_LANGUAGE_STANDARD = gnu11;
				GCC_NO_COMMON_BLOCKS = YES;
				GCC_WARN_64_TO_32_BIT_CONVERSION = YES;
				GCC_WARN_ABOUT_RETURN_TYPE = YES_ERROR;
				GCC_WARN_UNDECLARED_SELECTOR = YES;
				GCC_WARN_UNINITIALIZED_AUTOS = YES_AGGRESSIVE;
				GCC_WARN_UNUSED_FUNCTION = YES;
				GCC_WARN_UNUSED_VARIABLE = YES;
				MACOSX_DEPLOYMENT_TARGET = 10.12;
				MTL_ENABLE_DEBUG_INFO = NO;
				SDKROOT = macosx;
			};
			name = Release;
		};
		5A32FAA5203F8AEF005F620A /* Debug */ = {
			isa = XCBuildConfiguration;
			buildSettings = {
				CODE_SIGN_STYLE = Automatic;
				PRODUCT_NAME = "$(TARGET_NAME)";
			};
			name = Debug;
		};
		5A32FAA6203F8AEF005F620A /* Release */ = {
			isa = XCBuildConfiguration;
			buildSettings = {
				CODE_SIGN_STYLE = Automatic;
				PRODUCT_NAME = "$(TARGET_NAME)";
			};
			name = Release;
		};
/* End XCBuildConfiguration section */

/* Begin XCConfigurationList section */
		5A32FA98203F8AEE005F620A /* Build configuration list for PBXProject "P3sanityCheck" */ = {
			isa = XCConfigurationList;
			buildConfigurations = (
				5A32FAA2203F8AEF005F620A /* Debug */,
				5A32FAA3203F8AEF005F620A /* Release */,
			);
			defaultConfigurationIsVisible = 0;
			defaultConfigurationName = Release;
		};
		5A32FAA4203F8AEF005F620A /* Build configuration list for PBXNativeTarget "P3sanityCheck" */ = {
			isa = XCConfigurationList;
			buildConfigurations = (
				5A32FAA5203F8AEF005F620A /* Debug */,
				5A32FAA6203F8AEF005F620A /* Release */,
			);
			defaultConfigurationIsVisible = 0;
			defaultConfigurationName = Release;
		};
/* End XCConfigurationList section */
	};
	rootObject = 5A32FA95203F8AEE005F620A /* Project object */;
}
